{
  "packages": [
    {
      "name": "ledger",
      "version": "0.6.0",
      "sha256": "fdf76a7a7c630f9c4848c61082f7c92e322f47c94b8f1dfdaa283b254bb5ae0f"
    },
    {
      "name": "grounding",
      "version": "1.2.0",
      "sha256": "7a33466761cf675d4282830b973cc2a85a3ad11858f99398efba6c8580b42099"
    },
    {
      "name": "semantic-model",
      "version": "0.12.0",
      "sha256": "2f53a6486505f54f62f12f9bd1fd333fea4dfd6219cd6b394650be6cf63cefd6"
    },
    {
      "name": "conduct",
      "version": "0.11.1",
      "sha256": "d72e5a4807ddf45a4657156a110199a65edd41f52bbb3aa277813f0180bb2fa0"
    }
  ]
}
