{
  "packages": [
    {
      "name": "ledger",
      "version": "0.6.0",
      "sha256": "fdf76a7a7c630f9c4848c61082f7c92e322f47c94b8f1dfdaa283b254bb5ae0f"
    },
    {
      "name": "grounding",
      "version": "1.2.0",
      "sha256": "7a33466761cf675d4282830b973cc2a85a3ad11858f99398efba6c8580b42099"
    },
    {
      "name": "semantic-model",
      "version": "0.3.0",
      "sha256": "b6f29f41ac1f91fd901ca09e60371f599eb2c4af1daf640198dc419e0df0b0c4"
    }
  ]
}
