{
  "packages": [
    {
      "name": "ledger",
      "version": "0.6.0",
      "sha256": "fdf76a7a7c630f9c4848c61082f7c92e322f47c94b8f1dfdaa283b254bb5ae0f"
    },
    {
      "name": "grounding",
      "version": "1.2.0",
      "sha256": "7a33466761cf675d4282830b973cc2a85a3ad11858f99398efba6c8580b42099"
    },
    {
      "name": "semantic-model",
      "version": "0.7.0",
      "sha256": "82a77810f086776462fbdd4e84d57816dafa73829aabdfcbab188b2970d9385e"
    },
    {
      "name": "conduct",
      "version": "0.5.0",
      "sha256": "3a12470387894d3f8f084f5d28b92c113ccbb340b37f7055e437e825a3f0c51d"
    }
  ]
}
